// !$*UTF8*$!
{
	archiveVersion = 1;
	classes = {
	};
	objectVersion = 56;
	objects = {

/* Begin PBXBuildFile section */
		83048E4E2A9BBC4F003F1C59 /* GoogleSignIn in Frameworks */ = {isa = PBXBuildFile; productRef = 83048E4D2A9BBC4F003F1C59 /* GoogleSignIn */; };
		83048E502A9BBC4F003F1C59 /* GoogleSignInSwift in Frameworks */ = {isa = PBXBuildFile; productRef = 83048E4F2A9BBC4F003F1C59 /* GoogleSignInSwift */; };
		83D60C0C2A9A4C2D00723215 /* todooz_mk1App.swift in Sources */ = {isa = PBXBuildFile; fileRef = 83D60C0B2A9A4C2D00723215 /* todooz_mk1App.swift */; };
		83D60C0E2A9A4C2D00723215 /* MainView.swift in Sources */ = {isa = PBXBuildFile; fileRef = 83D60C0D2A9A4C2D00723215 /* MainView.swift */; };
		83D60C102A9A4C2E00723215 /* Assets.xcassets in Resources */ = {isa = PBXBuildFile; fileRef = 83D60C0F2A9A4C2E00723215 /* Assets.xcassets */; };
		83D60C132A9A4C2E00723215 /* Preview Assets.xcassets in Resources */ = {isa = PBXBuildFile; fileRef = 83D60C122A9A4C2E00723215 /* Preview Assets.xcassets */; };
		83D60C1A2A9A4C7F00723215 /* TabsView.swift in Sources */ = {isa = PBXBuildFile; fileRef = 83D60C192A9A4C7F00723215 /* TabsView.swift */; };
		83D60C212A9A51B500723215 /* FirebaseAuth in Frameworks */ = {isa = PBXBuildFile; productRef = 83D60C202A9A51B500723215 /* FirebaseAuth */; };
		83D60C232A9A51B500723215 /* FirebaseFirestore in Frameworks */ = {isa = PBXBuildFile; productRef = 83D60C222A9A51B500723215 /* FirebaseFirestore */; };
		83D60C252A9A51B500723215 /* FirebaseFirestoreSwift in Frameworks */ = {isa = PBXBuildFile; productRef = 83D60C242A9A51B500723215 /* FirebaseFirestoreSwift */; };
		83D60C272A9A52FE00723215 /* GoogleService-Info.plist in Resources */ = {isa = PBXBuildFile; fileRef = 83D60C262A9A52FE00723215 /* GoogleService-Info.plist */; };
		83D60C292A9A559600723215 /* LoginView.swift in Sources */ = {isa = PBXBuildFile; fileRef = 83D60C282A9A559600723215 /* LoginView.swift */; };
		83D60C2B2A9A55D600723215 /* AddEmailView.swift in Sources */ = {isa = PBXBuildFile; fileRef = 83D60C2A2A9A55D600723215 /* AddEmailView.swift */; };
		83D60C2D2A9A55E900723215 /* SetPasswordView.swift in Sources */ = {isa = PBXBuildFile; fileRef = 83D60C2C2A9A55E900723215 /* SetPasswordView.swift */; };
		83D60C2F2A9A560D00723215 /* FinalRegistrationView.swift in Sources */ = {isa = PBXBuildFile; fileRef = 83D60C2E2A9A560D00723215 /* FinalRegistrationView.swift */; };
		83D60C312A9A563600723215 /* RoundTextFieldStyle.swift in Sources */ = {isa = PBXBuildFile; fileRef = 83D60C302A9A563600723215 /* RoundTextFieldStyle.swift */; };
		83D60C332A9A568F00723215 /* BorderExtension.swift in Sources */ = {isa = PBXBuildFile; fileRef = 83D60C322A9A568F00723215 /* BorderExtension.swift */; };
		83D60C352A9A57CF00723215 /* RegistrationViewModel.swift in Sources */ = {isa = PBXBuildFile; fileRef = 83D60C342A9A57CF00723215 /* RegistrationViewModel.swift */; };
		83D60C372A9A593000723215 /* ToDoListView.swift in Sources */ = {isa = PBXBuildFile; fileRef = 83D60C362A9A593000723215 /* ToDoListView.swift */; };
		83D60C392A9A596300723215 /* ProfileView.swift in Sources */ = {isa = PBXBuildFile; fileRef = 83D60C382A9A596300723215 /* ProfileView.swift */; };
		83D60C3B2A9A5E2600723215 /* MainViewModel.swift in Sources */ = {isa = PBXBuildFile; fileRef = 83D60C3A2A9A5E2600723215 /* MainViewModel.swift */; };
		83D60C3D2A9A5E3500723215 /* User.swift in Sources */ = {isa = PBXBuildFile; fileRef = 83D60C3C2A9A5E3500723215 /* User.swift */; };
		83D60C3F2A9A5E5A00723215 /* ToDoListItem.swift in Sources */ = {isa = PBXBuildFile; fileRef = 83D60C3E2A9A5E5A00723215 /* ToDoListItem.swift */; };
		83D60C412A9A659A00723215 /* LoginViewModel.swift in Sources */ = {isa = PBXBuildFile; fileRef = 83D60C402A9A659A00723215 /* LoginViewModel.swift */; };
		83D60C442A9A6FA700723215 /* Extensions.swift in Sources */ = {isa = PBXBuildFile; fileRef = 83D60C432A9A6FA700723215 /* Extensions.swift */; };
		83D60C462A9A7D5B00723215 /* ProfileViewModel.swift in Sources */ = {isa = PBXBuildFile; fileRef = 83D60C452A9A7D5B00723215 /* ProfileViewModel.swift */; };
		83D60C482A9A839D00723215 /* LoadingView.swift in Sources */ = {isa = PBXBuildFile; fileRef = 83D60C472A9A839D00723215 /* LoadingView.swift */; };
		83D60C4B2A9B45EF00723215 /* AuthService.swift in Sources */ = {isa = PBXBuildFile; fileRef = 83D60C4A2A9B45EF00723215 /* AuthService.swift */; };
/* End PBXBuildFile section */

/* Begin PBXFileReference section */
		83048E512A9BBCA1003F1C59 /* todooz-mk1-Info.plist */ = {isa = PBXFileReference; lastKnownFileType = text.plist; path = "todooz-mk1-Info.plist"; sourceTree = SOURCE_ROOT; };
		83D60C082A9A4C2D00723215 /* todooz.mk1.app */ = {isa = PBXFileReference; explicitFileType = wrapper.application; includeInIndex = 0; path = todooz.mk1.app; sourceTree = BUILT_PRODUCTS_DIR; };
		83D60C0B2A9A4C2D00723215 /* todooz_mk1App.swift */ = {isa = PBXFileReference; lastKnownFileType = sourcecode.swift; path = todooz_mk1App.swift; sourceTree = "<group>"; };
		83D60C0D2A9A4C2D00723215 /* MainView.swift */ = {isa = PBXFileReference; lastKnownFileType = sourcecode.swift; path = MainView.swift; sourceTree = "<group>"; };
		83D60C0F2A9A4C2E00723215 /* Assets.xcassets */ = {isa = PBXFileReference; lastKnownFileType = folder.assetcatalog; path = Assets.xcassets; sourceTree = "<group>"; };
		83D60C122A9A4C2E00723215 /* Preview Assets.xcassets */ = {isa = PBXFileReference; lastKnownFileType = folder.assetcatalog; path = "Preview Assets.xcassets"; sourceTree = "<group>"; };
		83D60C192A9A4C7F00723215 /* TabsView.swift */ = {isa = PBXFileReference; lastKnownFileType = sourcecode.swift; path = TabsView.swift; sourceTree = "<group>"; };
		83D60C262A9A52FE00723215 /* GoogleService-Info.plist */ = {isa = PBXFileReference; fileEncoding = 4; lastKnownFileType = text.plist.xml; path = "GoogleService-Info.plist"; sourceTree = "<group>"; };
		83D60C282A9A559600723215 /* LoginView.swift */ = {isa = PBXFileReference; lastKnownFileType = sourcecode.swift; path = LoginView.swift; sourceTree = "<group>"; };
		83D60C2A2A9A55D600723215 /* AddEmailView.swift */ = {isa = PBXFileReference; lastKnownFileType = sourcecode.swift; path = AddEmailView.swift; sourceTree = "<group>"; };
		83D60C2C2A9A55E900723215 /* SetPasswordView.swift */ = {isa = PBXFileReference; lastKnownFileType = sourcecode.swift; path = SetPasswordView.swift; sourceTree = "<group>"; };
		83D60C2E2A9A560D00723215 /* FinalRegistrationView.swift */ = {isa = PBXFileReference; lastKnownFileType = sourcecode.swift; path = FinalRegistrationView.swift; sourceTree = "<group>"; };
		83D60C302A9A563600723215 /* RoundTextFieldStyle.swift */ = {isa = PBXFileReference; lastKnownFileType = sourcecode.swift; path = RoundTextFieldStyle.swift; sourceTree = "<group>"; };
		83D60C322A9A568F00723215 /* BorderExtension.swift */ = {isa = PBXFileReference; lastKnownFileType = sourcecode.swift; path = BorderExtension.swift; sourceTree = "<group>"; };
		83D60C342A9A57CF00723215 /* RegistrationViewModel.swift */ = {isa = PBXFileReference; lastKnownFileType = sourcecode.swift; path = RegistrationViewModel.swift; sourceTree = "<group>"; };
		83D60C362A9A593000723215 /* ToDoListView.swift */ = {isa = PBXFileReference; lastKnownFileType = sourcecode.swift; path = ToDoListView.swift; sourceTree = "<group>"; };
		83D60C382A9A596300723215 /* ProfileView.swift */ = {isa = PBXFileReference; lastKnownFileType = sourcecode.swift; path = ProfileView.swift; sourceTree = "<group>"; };
		83D60C3A2A9A5E2600723215 /* MainViewModel.swift */ = {isa = PBXFileReference; lastKnownFileType = sourcecode.swift; path = MainViewModel.swift; sourceTree = "<group>"; };
		83D60C3C2A9A5E3500723215 /* User.swift */ = {isa = PBXFileReference; lastKnownFileType = sourcecode.swift; path = User.swift; sourceTree = "<group>"; };
		83D60C3E2A9A5E5A00723215 /* ToDoListItem.swift */ = {isa = PBXFileReference; lastKnownFileType = sourcecode.swift; path = ToDoListItem.swift; sourceTree = "<group>"; };
		83D60C402A9A659A00723215 /* LoginViewModel.swift */ = {isa = PBXFileReference; lastKnownFileType = sourcecode.swift; path = LoginViewModel.swift; sourceTree = "<group>"; };
		83D60C432A9A6FA700723215 /* Extensions.swift */ = {isa = PBXFileReference; lastKnownFileType = sourcecode.swift; path = Extensions.swift; sourceTree = "<group>"; };
		83D60C452A9A7D5B00723215 /* ProfileViewModel.swift */ = {isa = PBXFileReference; lastKnownFileType = sourcecode.swift; path = ProfileViewModel.swift; sourceTree = "<group>"; };
		83D60C472A9A839D00723215 /* LoadingView.swift */ = {isa = PBXFileReference; lastKnownFileType = sourcecode.swift; path = LoadingView.swift; sourceTree = "<group>"; };
		83D60C4A2A9B45EF00723215 /* AuthService.swift */ = {isa = PBXFileReference; lastKnownFileType = sourcecode.swift; path = AuthService.swift; sourceTree = "<group>"; };
/* End PBXFileReference section */

/* Begin PBXFrameworksBuildPhase section */
		83D60C052A9A4C2D00723215 /* Frameworks */ = {
			isa = PBXFrameworksBuildPhase;
			buildActionMask = 2147483647;
			files = (
				83048E502A9BBC4F003F1C59 /* GoogleSignInSwift in Frameworks */,
				83D60C212A9A51B500723215 /* FirebaseAuth in Frameworks */,
				83048E4E2A9BBC4F003F1C59 /* GoogleSignIn in Frameworks */,
				83D60C232A9A51B500723215 /* FirebaseFirestore in Frameworks */,
				83D60C252A9A51B500723215 /* FirebaseFirestoreSwift in Frameworks */,
			);
			runOnlyForDeploymentPostprocessing = 0;
		};
/* End PBXFrameworksBuildPhase section */

/* Begin PBXGroup section */
		83D60BFF2A9A4C2D00723215 = {
			isa = PBXGroup;
			children = (
				83D60C0A2A9A4C2D00723215 /* todooz.mk1 */,
				83D60C092A9A4C2D00723215 /* Products */,
			);
			sourceTree = "<group>";
		};
		83D60C092A9A4C2D00723215 /* Products */ = {
			isa = PBXGroup;
			children = (
				83D60C082A9A4C2D00723215 /* todooz.mk1.app */,
			);
			name = Products;
			sourceTree = "<group>";
		};
		83D60C0A2A9A4C2D00723215 /* todooz.mk1 */ = {
			isa = PBXGroup;
			children = (
				83048E512A9BBCA1003F1C59 /* todooz-mk1-Info.plist */,
				83D60C492A9B45CA00723215 /* Services */,
				83D60C422A9A6F9600723215 /* other */,
				83D60C262A9A52FE00723215 /* GoogleService-Info.plist */,
				83D60C1E2A9A4CBA00723215 /* Components */,
				83D60C1D2A9A4CB200723215 /* Models */,
				83D60C1C2A9A4CA400723215 /* ViewModels */,
				83D60C1B2A9A4C9000723215 /* Views */,
				83D60C0B2A9A4C2D00723215 /* todooz_mk1App.swift */,
				83D60C0F2A9A4C2E00723215 /* Assets.xcassets */,
				83D60C112A9A4C2E00723215 /* Preview Content */,
			);
			path = todooz.mk1;
			sourceTree = "<group>";
		};
		83D60C112A9A4C2E00723215 /* Preview Content */ = {
			isa = PBXGroup;
			children = (
				83D60C122A9A4C2E00723215 /* Preview Assets.xcassets */,
			);
			path = "Preview Content";
			sourceTree = "<group>";
		};
		83D60C1B2A9A4C9000723215 /* Views */ = {
			isa = PBXGroup;
			children = (
				83D60C192A9A4C7F00723215 /* TabsView.swift */,
				83D60C0D2A9A4C2D00723215 /* MainView.swift */,
				83D60C282A9A559600723215 /* LoginView.swift */,
				83D60C2A2A9A55D600723215 /* AddEmailView.swift */,
				83D60C2C2A9A55E900723215 /* SetPasswordView.swift */,
				83D60C2E2A9A560D00723215 /* FinalRegistrationView.swift */,
				83D60C362A9A593000723215 /* ToDoListView.swift */,
				83D60C382A9A596300723215 /* ProfileView.swift */,
			);
			path = Views;
			sourceTree = "<group>";
		};
		83D60C1C2A9A4CA400723215 /* ViewModels */ = {
			isa = PBXGroup;
			children = (
				83D60C342A9A57CF00723215 /* RegistrationViewModel.swift */,
				83D60C3A2A9A5E2600723215 /* MainViewModel.swift */,
				83D60C402A9A659A00723215 /* LoginViewModel.swift */,
				83D60C452A9A7D5B00723215 /* ProfileViewModel.swift */,
			);
			path = ViewModels;
			sourceTree = "<group>";
		};
		83D60C1D2A9A4CB200723215 /* Models */ = {
			isa = PBXGroup;
			children = (
				83D60C3C2A9A5E3500723215 /* User.swift */,
				83D60C3E2A9A5E5A00723215 /* ToDoListItem.swift */,
			);
			path = Models;
			sourceTree = "<group>";
		};
		83D60C1E2A9A4CBA00723215 /* Components */ = {
			isa = PBXGroup;
			children = (
				83D60C302A9A563600723215 /* RoundTextFieldStyle.swift */,
				83D60C322A9A568F00723215 /* BorderExtension.swift */,
				83D60C472A9A839D00723215 /* LoadingView.swift */,
			);
			path = Components;
			sourceTree = "<group>";
		};
		83D60C422A9A6F9600723215 /* other */ = {
			isa = PBXGroup;
			children = (
				83D60C432A9A6FA700723215 /* Extensions.swift */,
			);
			path = other;
			sourceTree = "<group>";
		};
		83D60C492A9B45CA00723215 /* Services */ = {
			isa = PBXGroup;
			children = (
				83D60C4A2A9B45EF00723215 /* AuthService.swift */,
			);
			path = Services;
			sourceTree = "<group>";
		};
/* End PBXGroup section */

/* Begin PBXNativeTarget section */
		83D60C072A9A4C2D00723215 /* todooz.mk1 */ = {
			isa = PBXNativeTarget;
			buildConfigurationList = 83D60C162A9A4C2E00723215 /* Build configuration list for PBXNativeTarget "todooz.mk1" */;
			buildPhases = (
				83D60C042A9A4C2D00723215 /* Sources */,
				83D60C052A9A4C2D00723215 /* Frameworks */,
				83D60C062A9A4C2D00723215 /* Resources */,
			);
			buildRules = (
			);
			dependencies = (
			);
			name = todooz.mk1;
			packageProductDependencies = (
				83D60C202A9A51B500723215 /* FirebaseAuth */,
				83D60C222A9A51B500723215 /* FirebaseFirestore */,
				83D60C242A9A51B500723215 /* FirebaseFirestoreSwift */,
				83048E4D2A9BBC4F003F1C59 /* GoogleSignIn */,
				83048E4F2A9BBC4F003F1C59 /* GoogleSignInSwift */,
			);
			productName = todooz.mk1;
			productReference = 83D60C082A9A4C2D00723215 /* todooz.mk1.app */;
			productType = "com.apple.product-type.application";
		};
/* End PBXNativeTarget section */

/* Begin PBXProject section */
		83D60C002A9A4C2D00723215 /* Project object */ = {
			isa = PBXProject;
			attributes = {
				BuildIndependentTargetsInParallel = 1;
				LastSwiftUpdateCheck = 1430;
				LastUpgradeCheck = 1430;
				TargetAttributes = {
					83D60C072A9A4C2D00723215 = {
						CreatedOnToolsVersion = 14.3.1;
					};
				};
			};
			buildConfigurationList = 83D60C032A9A4C2D00723215 /* Build configuration list for PBXProject "todooz.mk1" */;
			compatibilityVersion = "Xcode 14.0";
			developmentRegion = en;
			hasScannedForEncodings = 0;
			knownRegions = (
				en,
				Base,
			);
			mainGroup = 83D60BFF2A9A4C2D00723215;
			packageReferences = (
				83D60C1F2A9A51B500723215 /* XCRemoteSwiftPackageReference "firebase-ios-sdk" */,
				83048E4C2A9BBC4F003F1C59 /* XCRemoteSwiftPackageReference "GoogleSignIn-iOS" */,
			);
			productRefGroup = 83D60C092A9A4C2D00723215 /* Products */;
			projectDirPath = "";
			projectRoot = "";
			targets = (
				83D60C072A9A4C2D00723215 /* todooz.mk1 */,
			);
		};
/* End PBXProject section */

/* Begin PBXResourcesBuildPhase section */
		83D60C062A9A4C2D00723215 /* Resources */ = {
			isa = PBXResourcesBuildPhase;
			buildActionMask = 2147483647;
			files = (
				83D60C132A9A4C2E00723215 /* Preview Assets.xcassets in Resources */,
				83D60C102A9A4C2E00723215 /* Assets.xcassets in Resources */,
				83D60C272A9A52FE00723215 /* GoogleService-Info.plist in Resources */,
			);
			runOnlyForDeploymentPostprocessing = 0;
		};
/* End PBXResourcesBuildPhase section */

/* Begin PBXSourcesBuildPhase section */
		83D60C042A9A4C2D00723215 /* Sources */ = {
			isa = PBXSourcesBuildPhase;
			buildActionMask = 2147483647;
			files = (
				83D60C332A9A568F00723215 /* BorderExtension.swift in Sources */,
				83D60C2B2A9A55D600723215 /* AddEmailView.swift in Sources */,
				83D60C0E2A9A4C2D00723215 /* MainView.swift in Sources */,
				83D60C2F2A9A560D00723215 /* FinalRegistrationView.swift in Sources */,
				83D60C412A9A659A00723215 /* LoginViewModel.swift in Sources */,
				83D60C392A9A596300723215 /* ProfileView.swift in Sources */,
				83D60C3B2A9A5E2600723215 /* MainViewModel.swift in Sources */,
				83D60C4B2A9B45EF00723215 /* AuthService.swift in Sources */,
				83D60C3D2A9A5E3500723215 /* User.swift in Sources */,
				83D60C1A2A9A4C7F00723215 /* TabsView.swift in Sources */,
				83D60C3F2A9A5E5A00723215 /* ToDoListItem.swift in Sources */,
				83D60C352A9A57CF00723215 /* RegistrationViewModel.swift in Sources */,
				83D60C292A9A559600723215 /* LoginView.swift in Sources */,
				83D60C462A9A7D5B00723215 /* ProfileViewModel.swift in Sources */,
				83D60C372A9A593000723215 /* ToDoListView.swift in Sources */,
				83D60C2D2A9A55E900723215 /* SetPasswordView.swift in Sources */,
				83D60C442A9A6FA700723215 /* Extensions.swift in Sources */,
				83D60C312A9A563600723215 /* RoundTextFieldStyle.swift in Sources */,
				83D60C482A9A839D00723215 /* LoadingView.swift in Sources */,
				83D60C0C2A9A4C2D00723215 /* todooz_mk1App.swift in Sources */,
			);
			runOnlyForDeploymentPostprocessing = 0;
		};
/* End PBXSourcesBuildPhase section */

/* Begin XCBuildConfiguration section */
		83D60C142A9A4C2E00723215 /* Debug */ = {
			isa = XCBuildConfiguration;
			buildSettings = {
				ALWAYS_SEARCH_USER_PATHS = NO;
				CLANG_ANALYZER_NONNULL = YES;
				CLANG_ANALYZER_NUMBER_OBJECT_CONVERSION = YES_AGGRESSIVE;
				CLANG_CXX_LANGUAGE_STANDARD = "gnu++20";
				CLANG_ENABLE_MODULES = YES;
				CLANG_ENABLE_OBJC_ARC = YES;
				CLANG_ENABLE_OBJC_WEAK = YES;
				CLANG_WARN_BLOCK_CAPTURE_AUTORELEASING = YES;
				CLANG_WARN_BOOL_CONVERSION = YES;
				CLANG_WARN_COMMA = YES;
				CLANG_WARN_CONSTANT_CONVERSION = YES;
				CLANG_WARN_DEPRECATED_OBJC_IMPLEMENTATIONS = YES;
				CLANG_WARN_DIRECT_OBJC_ISA_USAGE = YES_ERROR;
				CLANG_WARN_DOCUMENTATION_COMMENTS = YES;
				CLANG_WARN_EMPTY_BODY = YES;
				CLANG_WARN_ENUM_CONVERSION = YES;
				CLANG_WARN_INFINITE_RECURSION = YES;
				CLANG_WARN_INT_CONVERSION = YES;
				CLANG_WARN_NON_LITERAL_NULL_CONVERSION = YES;
				CLANG_WARN_OBJC_IMPLICIT_RETAIN_SELF = YES;
				CLANG_WARN_OBJC_LITERAL_CONVERSION = YES;
				CLANG_WARN_OBJC_ROOT_CLASS = YES_ERROR;
				CLANG_WARN_QUOTED_INCLUDE_IN_FRAMEWORK_HEADER = YES;
				CLANG_WARN_RANGE_LOOP_ANALYSIS = YES;
				CLANG_WARN_STRICT_PROTOTYPES = YES;
				CLANG_WARN_SUSPICIOUS_MOVE = YES;
				CLANG_WARN_UNGUARDED_AVAILABILITY = YES_AGGRESSIVE;
				CLANG_WARN_UNREACHABLE_CODE = YES;
				CLANG_WARN__DUPLICATE_METHOD_MATCH = YES;
				COPY_PHASE_STRIP = NO;
				DEBUG_INFORMATION_FORMAT = dwarf;
				ENABLE_STRICT_OBJC_MSGSEND = YES;
				ENABLE_TESTABILITY = YES;
				GCC_C_LANGUAGE_STANDARD = gnu11;
				GCC_DYNAMIC_NO_PIC = NO;
				GCC_NO_COMMON_BLOCKS = YES;
				GCC_OPTIMIZATION_LEVEL = 0;
				GCC_PREPROCESSOR_DEFINITIONS = (
					"DEBUG=1",
					"$(inherited)",
				);
				GCC_WARN_64_TO_32_BIT_CONVERSION = YES;
				GCC_WARN_ABOUT_RETURN_TYPE = YES_ERROR;
				GCC_WARN_UNDECLARED_SELECTOR = YES;
				GCC_WARN_UNINITIALIZED_AUTOS = YES_AGGRESSIVE;
				GCC_WARN_UNUSED_FUNCTION = YES;
				GCC_WARN_UNUSED_VARIABLE = YES;
				IPHONEOS_DEPLOYMENT_TARGET = 16.4;
				MTL_ENABLE_DEBUG_INFO = INCLUDE_SOURCE;
				MTL_FAST_MATH = YES;
				ONLY_ACTIVE_ARCH = YES;
				SDKROOT = iphoneos;
				SWIFT_ACTIVE_COMPILATION_CONDITIONS = DEBUG;
				SWIFT_OPTIMIZATION_LEVEL = "-Onone";
			};
			name = Debug;
		};
		83D60C152A9A4C2E00723215 /* Release */ = {
			isa = XCBuildConfiguration;
			buildSettings = {
				ALWAYS_SEARCH_USER_PATHS = NO;
				CLANG_ANALYZER_NONNULL = YES;
				CLANG_ANALYZER_NUMBER_OBJECT_CONVERSION = YES_AGGRESSIVE;
				CLANG_CXX_LANGUAGE_STANDARD = "gnu++20";
				CLANG_ENABLE_MODULES = YES;
				CLANG_ENABLE_OBJC_ARC = YES;
				CLANG_ENABLE_OBJC_WEAK = YES;
				CLANG_WARN_BLOCK_CAPTURE_AUTORELEASING = YES;
				CLANG_WARN_BOOL_CONVERSION = YES;
				CLANG_WARN_COMMA = YES;
				CLANG_WARN_CONSTANT_CONVERSION = YES;
				CLANG_WARN_DEPRECATED_OBJC_IMPLEMENTATIONS = YES;
				CLANG_WARN_DIRECT_OBJC_ISA_USAGE = YES_ERROR;
				CLANG_WARN_DOCUMENTATION_COMMENTS = YES;
				CLANG_WARN_EMPTY_BODY = YES;
				CLANG_WARN_ENUM_CONVERSION = YES;
				CLANG_WARN_INFINITE_RECURSION = YES;
				CLANG_WARN_INT_CONVERSION = YES;
				CLANG_WARN_NON_LITERAL_NULL_CONVERSION = YES;
				CLANG_WARN_OBJC_IMPLICIT_RETAIN_SELF = YES;
				CLANG_WARN_OBJC_LITERAL_CONVERSION = YES;
				CLANG_WARN_OBJC_ROOT_CLASS = YES_ERROR;
				CLANG_WARN_QUOTED_INCLUDE_IN_FRAMEWORK_HEADER = YES;
				CLANG_WARN_RANGE_LOOP_ANALYSIS = YES;
				CLANG_WARN_STRICT_PROTOTYPES = YES;
				CLANG_WARN_SUSPICIOUS_MOVE = YES;
				CLANG_WARN_UNGUARDED_AVAILABILITY = YES_AGGRESSIVE;
				CLANG_WARN_UNREACHABLE_CODE = YES;
				CLANG_WARN__DUPLICATE_METHOD_MATCH = YES;
				COPY_PHASE_STRIP = NO;
				DEBUG_INFORMATION_FORMAT = "dwarf-with-dsym";
				ENABLE_NS_ASSERTIONS = NO;
				ENABLE_STRICT_OBJC_MSGSEND = YES;
				GCC_C_LANGUAGE_STANDARD = gnu11;
				GCC_NO_COMMON_BLOCKS = YES;
				GCC_WARN_64_TO_32_BIT_CONVERSION = YES;
				GCC_WARN_ABOUT_RETURN_TYPE = YES_ERROR;
				GCC_WARN_UNDECLARED_SELECTOR = YES;
				GCC_WARN_UNINITIALIZED_AUTOS = YES_AGGRESSIVE;
				GCC_WARN_UNUSED_FUNCTION = YES;
				GCC_WARN_UNUSED_VARIABLE = YES;
				IPHONEOS_DEPLOYMENT_TARGET = 16.4;
				MTL_ENABLE_DEBUG_INFO = NO;
				MTL_FAST_MATH = YES;
				SDKROOT = iphoneos;
				SWIFT_COMPILATION_MODE = wholemodule;
				SWIFT_OPTIMIZATION_LEVEL = "-O";
				VALIDATE_PRODUCT = YES;
			};
			name = Release;
		};
		83D60C172A9A4C2E00723215 /* Debug */ = {
			isa = XCBuildConfiguration;
			buildSettings = {
				ASSETCATALOG_COMPILER_APPICON_NAME = AppIcon;
				ASSETCATALOG_COMPILER_GLOBAL_ACCENT_COLOR_NAME = AccentColor;
				CODE_SIGN_STYLE = Automatic;
				CURRENT_PROJECT_VERSION = 1;
				DEVELOPMENT_ASSET_PATHS = "\"todooz.mk1/Preview Content\"";
				DEVELOPMENT_TEAM = AKXZB6A59L;
				ENABLE_PREVIEWS = YES;
				GENERATE_INFOPLIST_FILE = YES;
				INFOPLIST_FILE = "todooz-mk1-Info.plist";
				INFOPLIST_KEY_CFBundleDisplayName = Todooz;
				INFOPLIST_KEY_UIApplicationSceneManifest_Generation = YES;
				INFOPLIST_KEY_UIApplicationSupportsIndirectInputEvents = YES;
				INFOPLIST_KEY_UILaunchScreen_Generation = YES;
				INFOPLIST_KEY_UISupportedInterfaceOrientations = UIInterfaceOrientationPortrait;
				LD_RUNPATH_SEARCH_PATHS = (
					"$(inherited)",
					"@executable_path/Frameworks",
				);
				MARKETING_VERSION = 1.0;
				PRODUCT_BUNDLE_IDENTIFIER = "chris-zimmermann.todooz-mk1";
				PRODUCT_NAME = "$(TARGET_NAME)";
				SWIFT_EMIT_LOC_STRINGS = YES;
				SWIFT_VERSION = 5.0;
				TARGETED_DEVICE_FAMILY = "1,2";
			};
			name = Debug;
		};
		83D60C182A9A4C2E00723215 /* Release */ = {
			isa = XCBuildConfiguration;
			buildSettings = {
				ASSETCATALOG_COMPILER_APPICON_NAME = AppIcon;
				ASSETCATALOG_COMPILER_GLOBAL_ACCENT_COLOR_NAME = AccentColor;
				CODE_SIGN_STYLE = Automatic;
				CURRENT_PROJECT_VERSION = 1;
				DEVELOPMENT_ASSET_PATHS = "\"todooz.mk1/Preview Content\"";
				DEVELOPMENT_TEAM = AKXZB6A59L;
				ENABLE_PREVIEWS = YES;
				GENERATE_INFOPLIST_FILE = YES;
				INFOPLIST_FILE = "todooz-mk1-Info.plist";
				INFOPLIST_KEY_CFBundleDisplayName = Todooz;
				INFOPLIST_KEY_UIApplicationSceneManifest_Generation = YES;
				INFOPLIST_KEY_UIApplicationSupportsIndirectInputEvents = YES;
				INFOPLIST_KEY_UILaunchScreen_Generation = YES;
				INFOPLIST_KEY_UISupportedInterfaceOrientations = UIInterfaceOrientationPortrait;
				LD_RUNPATH_SEARCH_PATHS = (
					"$(inherited)",
					"@executable_path/Frameworks",
				);
				MARKETING_VERSION = 1.0;
				PRODUCT_BUNDLE_IDENTIFIER = "chris-zimmermann.todooz-mk1";
				PRODUCT_NAME = "$(TARGET_NAME)";
				SWIFT_EMIT_LOC_STRINGS = YES;
				SWIFT_VERSION = 5.0;
				TARGETED_DEVICE_FAMILY = "1,2";
			};
			name = Release;
		};
/* End XCBuildConfiguration section */

/* Begin XCConfigurationList section */
		83D60C032A9A4C2D00723215 /* Build configuration list for PBXProject "todooz.mk1" */ = {
			isa = XCConfigurationList;
			buildConfigurations = (
				83D60C142A9A4C2E00723215 /* Debug */,
				83D60C152A9A4C2E00723215 /* Release */,
			);
			defaultConfigurationIsVisible = 0;
			defaultConfigurationName = Release;
		};
		83D60C162A9A4C2E00723215 /* Build configuration list for PBXNativeTarget "todooz.mk1" */ = {
			isa = XCConfigurationList;
			buildConfigurations = (
				83D60C172A9A4C2E00723215 /* Debug */,
				83D60C182A9A4C2E00723215 /* Release */,
			);
			defaultConfigurationIsVisible = 0;
			defaultConfigurationName = Release;
		};
/* End XCConfigurationList section */

/* Begin XCRemoteSwiftPackageReference section */
		83048E4C2A9BBC4F003F1C59 /* XCRemoteSwiftPackageReference "GoogleSignIn-iOS" */ = {
			isa = XCRemoteSwiftPackageReference;
			repositoryURL = "https://github.com/google/GoogleSignIn-iOS";
			requirement = {
				kind = upToNextMajorVersion;
				minimumVersion = 7.0.0;
			};
		};
		83D60C1F2A9A51B500723215 /* XCRemoteSwiftPackageReference "firebase-ios-sdk" */ = {
			isa = XCRemoteSwiftPackageReference;
			repositoryURL = "https://github.com/firebase/firebase-ios-sdk.git";
			requirement = {
				kind = upToNextMajorVersion;
				minimumVersion = 10.0.0;
			};
		};
/* End XCRemoteSwiftPackageReference section */

/* Begin XCSwiftPackageProductDependency section */
		83048E4D2A9BBC4F003F1C59 /* GoogleSignIn */ = {
			isa = XCSwiftPackageProductDependency;
			package = 83048E4C2A9BBC4F003F1C59 /* XCRemoteSwiftPackageReference "GoogleSignIn-iOS" */;
			productName = GoogleSignIn;
		};
		83048E4F2A9BBC4F003F1C59 /* GoogleSignInSwift */ = {
			isa = XCSwiftPackageProductDependency;
			package = 83048E4C2A9BBC4F003F1C59 /* XCRemoteSwiftPackageReference "GoogleSignIn-iOS" */;
			productName = GoogleSignInSwift;
		};
		83D60C202A9A51B500723215 /* FirebaseAuth */ = {
			isa = XCSwiftPackageProductDependency;
			package = 83D60C1F2A9A51B500723215 /* XCRemoteSwiftPackageReference "firebase-ios-sdk" */;
			productName = FirebaseAuth;
		};
		83D60C222A9A51B500723215 /* FirebaseFirestore */ = {
			isa = XCSwiftPackageProductDependency;
			package = 83D60C1F2A9A51B500723215 /* XCRemoteSwiftPackageReference "firebase-ios-sdk" */;
			productName = FirebaseFirestore;
		};
		83D60C242A9A51B500723215 /* FirebaseFirestoreSwift */ = {
			isa = XCSwiftPackageProductDependency;
			package = 83D60C1F2A9A51B500723215 /* XCRemoteSwiftPackageReference "firebase-ios-sdk" */;
			productName = FirebaseFirestoreSwift;
		};
/* End XCSwiftPackageProductDependency section */
	};
	rootObject = 83D60C002A9A4C2D00723215 /* Project object */;
}
