// !$*UTF8*$!
{
	archiveVersion = 1;
	classes = {
	};
	objectVersion = 56;
	objects = {

/* Begin PBXBuildFile section */
		83048E4E2A9BBC4F003F1C59 /* GoogleSignIn in Frameworks */ = {isa = PBXBuildFile; productRef = 83048E4D2A9BBC4F003F1C59 /* GoogleSignIn */; };
		83048E502A9BBC4F003F1C59 /* GoogleSignInSwift in Frameworks */ = {isa = PBXBuildFile; productRef = 83048E4F2A9BBC4F003F1C59 /* GoogleSignInSwift */; };
		8347D9CF2AAF976300ABB779 /* IsDoneTaskListView.swift in Sources */ = {isa = PBXBuildFile; fileRef = 8347D9CE2AAF976300ABB779 /* IsDoneTaskListView.swift */; };
		837362642AA79AD9000548D9 /* TodayTaskListView.swift in Sources */ = {isa = PBXBuildFile; fileRef = 837362632AA79AD9000548D9 /* TodayTaskListView.swift */; };
		8382238D2AB22C30004B7833 /* NotesListView.swift in Sources */ = {isa = PBXBuildFile; fileRef = 8382238C2AB22C30004B7833 /* NotesListView.swift */; };
		8382238F2AB2303C004B7833 /* QuickNote.swift in Sources */ = {isa = PBXBuildFile; fileRef = 8382238E2AB2303C004B7833 /* QuickNote.swift */; };
		838223912AB230BB004B7833 /* TestData.swift in Sources */ = {isa = PBXBuildFile; fileRef = 838223902AB230BB004B7833 /* TestData.swift */; };
		838223932AB23569004B7833 /* NoteView.swift in Sources */ = {isa = PBXBuildFile; fileRef = 838223922AB23569004B7833 /* NoteView.swift */; };
		838223972AB23E1F004B7833 /* AddNoteViewModel.swift in Sources */ = {isa = PBXBuildFile; fileRef = 838223962AB23E1F004B7833 /* AddNoteViewModel.swift */; };
		838223992AB23EAA004B7833 /* AddNoteView.swift in Sources */ = {isa = PBXBuildFile; fileRef = 838223982AB23EAA004B7833 /* AddNoteView.swift */; };
		83B486A82AA262890017CE91 /* TaskListViewModel.swift in Sources */ = {isa = PBXBuildFile; fileRef = 83B486A72AA262890017CE91 /* TaskListViewModel.swift */; };
		83B486AA2AA275420017CE91 /* TaskViewPreview.swift in Sources */ = {isa = PBXBuildFile; fileRef = 83B486A92AA275420017CE91 /* TaskViewPreview.swift */; };
		83B486AC2AA31E210017CE91 /* AddTaskView.swift in Sources */ = {isa = PBXBuildFile; fileRef = 83B486AB2AA31E210017CE91 /* AddTaskView.swift */; };
		83B486AE2AA321940017CE91 /* AddTaskViewModel.swift in Sources */ = {isa = PBXBuildFile; fileRef = 83B486AD2AA321940017CE91 /* AddTaskViewModel.swift */; };
		83B486B02AA388F10017CE91 /* TaskService.swift in Sources */ = {isa = PBXBuildFile; fileRef = 83B486AF2AA388F10017CE91 /* TaskService.swift */; };
		83B486B22AA49AD90017CE91 /* DetailTaskView.swift in Sources */ = {isa = PBXBuildFile; fileRef = 83B486B12AA49AD90017CE91 /* DetailTaskView.swift */; };
		83B486B42AA4E7420017CE91 /* TaskViewPreviewViewModel.swift in Sources */ = {isa = PBXBuildFile; fileRef = 83B486B32AA4E7420017CE91 /* TaskViewPreviewViewModel.swift */; };
		83B486B62AA5154D0017CE91 /* CategoryService.swift in Sources */ = {isa = PBXBuildFile; fileRef = 83B486B52AA5154D0017CE91 /* CategoryService.swift */; };
		83B486B82AA51A630017CE91 /* AddCategoryView.swift in Sources */ = {isa = PBXBuildFile; fileRef = 83B486B72AA51A630017CE91 /* AddCategoryView.swift */; };
		83B486BA2AA51AA50017CE91 /* AddCategoryViewModel.swift in Sources */ = {isa = PBXBuildFile; fileRef = 83B486B92AA51AA50017CE91 /* AddCategoryViewModel.swift */; };
		83BB2EB52A9E72F20079A680 /* ProfileService.swift in Sources */ = {isa = PBXBuildFile; fileRef = 83BB2EB42A9E72F20079A680 /* ProfileService.swift */; };
		83BB2EB82A9E76E00079A680 /* FirebaseAuth in Frameworks */ = {isa = PBXBuildFile; productRef = 83BB2EB72A9E76E00079A680 /* FirebaseAuth */; };
		83BB2EBA2A9E76E00079A680 /* FirebaseAuthCombine-Community in Frameworks */ = {isa = PBXBuildFile; productRef = 83BB2EB92A9E76E00079A680 /* FirebaseAuthCombine-Community */; };
		83BB2EBC2A9E76E00079A680 /* FirebaseFirestore in Frameworks */ = {isa = PBXBuildFile; productRef = 83BB2EBB2A9E76E00079A680 /* FirebaseFirestore */; };
		83BB2EBE2A9E76E00079A680 /* FirebaseFirestoreCombine-Community in Frameworks */ = {isa = PBXBuildFile; productRef = 83BB2EBD2A9E76E00079A680 /* FirebaseFirestoreCombine-Community */; };
		83BB2EC02A9E76E00079A680 /* FirebaseFirestoreSwift in Frameworks */ = {isa = PBXBuildFile; productRef = 83BB2EBF2A9E76E00079A680 /* FirebaseFirestoreSwift */; };
		83BB2EC22A9E76E00079A680 /* FirebaseStorage in Frameworks */ = {isa = PBXBuildFile; productRef = 83BB2EC12A9E76E00079A680 /* FirebaseStorage */; };
		83BB2EC42A9E76E00079A680 /* FirebaseStorageCombine-Community in Frameworks */ = {isa = PBXBuildFile; productRef = 83BB2EC32A9E76E00079A680 /* FirebaseStorageCombine-Community */; };
		83CAC8FB2AAF9EAE00A4807D /* IsDoneTaskViewPreview.swift in Sources */ = {isa = PBXBuildFile; fileRef = 83CAC8FA2AAF9EAE00A4807D /* IsDoneTaskViewPreview.swift */; };
		83CD08942AA9C31A00C7AAE8 /* EditTaskView.swift in Sources */ = {isa = PBXBuildFile; fileRef = 83CD08932AA9C31A00C7AAE8 /* EditTaskView.swift */; };
		83CD08962AA9C37F00C7AAE8 /* EditTaskViewModel.swift in Sources */ = {isa = PBXBuildFile; fileRef = 83CD08952AA9C37F00C7AAE8 /* EditTaskViewModel.swift */; };
		83CDAF882AA64E1D00AF09AA /* StandardCategoryPreviewView.swift in Sources */ = {isa = PBXBuildFile; fileRef = 83CDAF872AA64E1D00AF09AA /* StandardCategoryPreviewView.swift */; };
		83CDAF8A2AA6695200AF09AA /* HighPrioTaskListView.swift in Sources */ = {isa = PBXBuildFile; fileRef = 83CDAF892AA6695200AF09AA /* HighPrioTaskListView.swift */; };
		83D60C0C2A9A4C2D00723215 /* todooz_mk1App.swift in Sources */ = {isa = PBXBuildFile; fileRef = 83D60C0B2A9A4C2D00723215 /* todooz_mk1App.swift */; };
		83D60C0E2A9A4C2D00723215 /* MainView.swift in Sources */ = {isa = PBXBuildFile; fileRef = 83D60C0D2A9A4C2D00723215 /* MainView.swift */; };
		83D60C102A9A4C2E00723215 /* Assets.xcassets in Resources */ = {isa = PBXBuildFile; fileRef = 83D60C0F2A9A4C2E00723215 /* Assets.xcassets */; };
		83D60C132A9A4C2E00723215 /* Preview Assets.xcassets in Resources */ = {isa = PBXBuildFile; fileRef = 83D60C122A9A4C2E00723215 /* Preview Assets.xcassets */; };
		83D60C1A2A9A4C7F00723215 /* TabsView.swift in Sources */ = {isa = PBXBuildFile; fileRef = 83D60C192A9A4C7F00723215 /* TabsView.swift */; };
		83D60C272A9A52FE00723215 /* GoogleService-Info.plist in Resources */ = {isa = PBXBuildFile; fileRef = 83D60C262A9A52FE00723215 /* GoogleService-Info.plist */; };
		83D60C292A9A559600723215 /* LoginView.swift in Sources */ = {isa = PBXBuildFile; fileRef = 83D60C282A9A559600723215 /* LoginView.swift */; };
		83D60C2B2A9A55D600723215 /* AddEmailView.swift in Sources */ = {isa = PBXBuildFile; fileRef = 83D60C2A2A9A55D600723215 /* AddEmailView.swift */; };
		83D60C2D2A9A55E900723215 /* SetPasswordView.swift in Sources */ = {isa = PBXBuildFile; fileRef = 83D60C2C2A9A55E900723215 /* SetPasswordView.swift */; };
		83D60C2F2A9A560D00723215 /* FinalRegistrationView.swift in Sources */ = {isa = PBXBuildFile; fileRef = 83D60C2E2A9A560D00723215 /* FinalRegistrationView.swift */; };
		83D60C312A9A563600723215 /* RoundTextFieldStyle.swift in Sources */ = {isa = PBXBuildFile; fileRef = 83D60C302A9A563600723215 /* RoundTextFieldStyle.swift */; };
		83D60C332A9A568F00723215 /* BorderExtension.swift in Sources */ = {isa = PBXBuildFile; fileRef = 83D60C322A9A568F00723215 /* BorderExtension.swift */; };
		83D60C352A9A57CF00723215 /* RegistrationViewModel.swift in Sources */ = {isa = PBXBuildFile; fileRef = 83D60C342A9A57CF00723215 /* RegistrationViewModel.swift */; };
		83D60C372A9A593000723215 /* CategoryView.swift in Sources */ = {isa = PBXBuildFile; fileRef = 83D60C362A9A593000723215 /* CategoryView.swift */; };
		83D60C392A9A596300723215 /* ProfileView.swift in Sources */ = {isa = PBXBuildFile; fileRef = 83D60C382A9A596300723215 /* ProfileView.swift */; };
		83D60C3B2A9A5E2600723215 /* MainViewModel.swift in Sources */ = {isa = PBXBuildFile; fileRef = 83D60C3A2A9A5E2600723215 /* MainViewModel.swift */; };
		83D60C3D2A9A5E3500723215 /* User.swift in Sources */ = {isa = PBXBuildFile; fileRef = 83D60C3C2A9A5E3500723215 /* User.swift */; };
		83D60C3F2A9A5E5A00723215 /* Tasc.swift in Sources */ = {isa = PBXBuildFile; fileRef = 83D60C3E2A9A5E5A00723215 /* Tasc.swift */; };
		83D60C412A9A659A00723215 /* LoginViewModel.swift in Sources */ = {isa = PBXBuildFile; fileRef = 83D60C402A9A659A00723215 /* LoginViewModel.swift */; };
		83D60C442A9A6FA700723215 /* Extensions.swift in Sources */ = {isa = PBXBuildFile; fileRef = 83D60C432A9A6FA700723215 /* Extensions.swift */; };
		83D60C462A9A7D5B00723215 /* ProfileViewModel.swift in Sources */ = {isa = PBXBuildFile; fileRef = 83D60C452A9A7D5B00723215 /* ProfileViewModel.swift */; };
		83D60C482A9A839D00723215 /* LoadingView.swift in Sources */ = {isa = PBXBuildFile; fileRef = 83D60C472A9A839D00723215 /* LoadingView.swift */; };
		83D60C4B2A9B45EF00723215 /* AuthService.swift in Sources */ = {isa = PBXBuildFile; fileRef = 83D60C4A2A9B45EF00723215 /* AuthService.swift */; };
		83E2540C2AA10CB600D400A3 /* Category.swift in Sources */ = {isa = PBXBuildFile; fileRef = 83E2540B2AA10CB600D400A3 /* Category.swift */; };
		83E2540E2AA1186700D400A3 /* TasklistView.swift in Sources */ = {isa = PBXBuildFile; fileRef = 83E2540D2AA1186700D400A3 /* TasklistView.swift */; };
		83E254102AA1188600D400A3 /* CategoryViewModel.swift in Sources */ = {isa = PBXBuildFile; fileRef = 83E2540F2AA1188600D400A3 /* CategoryViewModel.swift */; };
		83E254122AA11B6A00D400A3 /* SettingsView.swift in Sources */ = {isa = PBXBuildFile; fileRef = 83E254112AA11B6A00D400A3 /* SettingsView.swift */; };
		83F8B4D12AB3369F003AE576 /* NoteService.swift in Sources */ = {isa = PBXBuildFile; fileRef = 83F8B4D02AB3369F003AE576 /* NoteService.swift */; };
/* End PBXBuildFile section */

/* Begin PBXFileReference section */
		83048E512A9BBCA1003F1C59 /* todooz-mk1-Info.plist */ = {isa = PBXFileReference; lastKnownFileType = text.plist; path = "todooz-mk1-Info.plist"; sourceTree = SOURCE_ROOT; };
		8347D9CE2AAF976300ABB779 /* IsDoneTaskListView.swift */ = {isa = PBXFileReference; fileEncoding = 4; lastKnownFileType = sourcecode.swift; path = IsDoneTaskListView.swift; sourceTree = "<group>"; };
		837362632AA79AD9000548D9 /* TodayTaskListView.swift */ = {isa = PBXFileReference; fileEncoding = 4; lastKnownFileType = sourcecode.swift; path = TodayTaskListView.swift; sourceTree = "<group>"; };
		8382238C2AB22C30004B7833 /* NotesListView.swift */ = {isa = PBXFileReference; lastKnownFileType = sourcecode.swift; path = NotesListView.swift; sourceTree = "<group>"; };
		8382238E2AB2303C004B7833 /* QuickNote.swift */ = {isa = PBXFileReference; fileEncoding = 4; lastKnownFileType = sourcecode.swift; path = QuickNote.swift; sourceTree = "<group>"; };
		838223902AB230BB004B7833 /* TestData.swift */ = {isa = PBXFileReference; lastKnownFileType = sourcecode.swift; path = TestData.swift; sourceTree = "<group>"; };
		838223922AB23569004B7833 /* NoteView.swift */ = {isa = PBXFileReference; lastKnownFileType = sourcecode.swift; path = NoteView.swift; sourceTree = "<group>"; };
		838223962AB23E1F004B7833 /* AddNoteViewModel.swift */ = {isa = PBXFileReference; fileEncoding = 4; lastKnownFileType = sourcecode.swift; path = AddNoteViewModel.swift; sourceTree = "<group>"; };
		838223982AB23EAA004B7833 /* AddNoteView.swift */ = {isa = PBXFileReference; lastKnownFileType = sourcecode.swift; path = AddNoteView.swift; sourceTree = "<group>"; };
		83B486A72AA262890017CE91 /* TaskListViewModel.swift */ = {isa = PBXFileReference; lastKnownFileType = sourcecode.swift; path = TaskListViewModel.swift; sourceTree = "<group>"; };
		83B486A92AA275420017CE91 /* TaskViewPreview.swift */ = {isa = PBXFileReference; lastKnownFileType = sourcecode.swift; path = TaskViewPreview.swift; sourceTree = "<group>"; };
		83B486AB2AA31E210017CE91 /* AddTaskView.swift */ = {isa = PBXFileReference; lastKnownFileType = sourcecode.swift; path = AddTaskView.swift; sourceTree = "<group>"; };
		83B486AD2AA321940017CE91 /* AddTaskViewModel.swift */ = {isa = PBXFileReference; fileEncoding = 4; lastKnownFileType = sourcecode.swift; path = AddTaskViewModel.swift; sourceTree = "<group>"; };
		83B486AF2AA388F10017CE91 /* TaskService.swift */ = {isa = PBXFileReference; fileEncoding = 4; lastKnownFileType = sourcecode.swift; path = TaskService.swift; sourceTree = "<group>"; };
		83B486B12AA49AD90017CE91 /* DetailTaskView.swift */ = {isa = PBXFileReference; lastKnownFileType = sourcecode.swift; path = DetailTaskView.swift; sourceTree = "<group>"; };
		83B486B32AA4E7420017CE91 /* TaskViewPreviewViewModel.swift */ = {isa = PBXFileReference; fileEncoding = 4; lastKnownFileType = sourcecode.swift; path = TaskViewPreviewViewModel.swift; sourceTree = "<group>"; };
		83B486B52AA5154D0017CE91 /* CategoryService.swift */ = {isa = PBXFileReference; fileEncoding = 4; lastKnownFileType = sourcecode.swift; path = CategoryService.swift; sourceTree = "<group>"; };
		83B486B72AA51A630017CE91 /* AddCategoryView.swift */ = {isa = PBXFileReference; fileEncoding = 4; lastKnownFileType = sourcecode.swift; path = AddCategoryView.swift; sourceTree = "<group>"; };
		83B486B92AA51AA50017CE91 /* AddCategoryViewModel.swift */ = {isa = PBXFileReference; fileEncoding = 4; lastKnownFileType = sourcecode.swift; path = AddCategoryViewModel.swift; sourceTree = "<group>"; };
		83BB2EB42A9E72F20079A680 /* ProfileService.swift */ = {isa = PBXFileReference; fileEncoding = 4; lastKnownFileType = sourcecode.swift; path = ProfileService.swift; sourceTree = "<group>"; };
		83CAC8FA2AAF9EAE00A4807D /* IsDoneTaskViewPreview.swift */ = {isa = PBXFileReference; lastKnownFileType = sourcecode.swift; path = IsDoneTaskViewPreview.swift; sourceTree = "<group>"; };
		83CD08932AA9C31A00C7AAE8 /* EditTaskView.swift */ = {isa = PBXFileReference; fileEncoding = 4; lastKnownFileType = sourcecode.swift; path = EditTaskView.swift; sourceTree = "<group>"; };
		83CD08952AA9C37F00C7AAE8 /* EditTaskViewModel.swift */ = {isa = PBXFileReference; fileEncoding = 4; lastKnownFileType = sourcecode.swift; path = EditTaskViewModel.swift; sourceTree = "<group>"; };
		83CDAF872AA64E1D00AF09AA /* StandardCategoryPreviewView.swift */ = {isa = PBXFileReference; lastKnownFileType = sourcecode.swift; path = StandardCategoryPreviewView.swift; sourceTree = "<group>"; };
		83CDAF892AA6695200AF09AA /* HighPrioTaskListView.swift */ = {isa = PBXFileReference; fileEncoding = 4; lastKnownFileType = sourcecode.swift; path = HighPrioTaskListView.swift; sourceTree = "<group>"; };
		83D60C082A9A4C2D00723215 /* todooz.mk1.app */ = {isa = PBXFileReference; explicitFileType = wrapper.application; includeInIndex = 0; path = todooz.mk1.app; sourceTree = BUILT_PRODUCTS_DIR; };
		83D60C0B2A9A4C2D00723215 /* todooz_mk1App.swift */ = {isa = PBXFileReference; lastKnownFileType = sourcecode.swift; path = todooz_mk1App.swift; sourceTree = "<group>"; };
		83D60C0D2A9A4C2D00723215 /* MainView.swift */ = {isa = PBXFileReference; lastKnownFileType = sourcecode.swift; path = MainView.swift; sourceTree = "<group>"; };
		83D60C0F2A9A4C2E00723215 /* Assets.xcassets */ = {isa = PBXFileReference; lastKnownFileType = folder.assetcatalog; path = Assets.xcassets; sourceTree = "<group>"; };
		83D60C122A9A4C2E00723215 /* Preview Assets.xcassets */ = {isa = PBXFileReference; lastKnownFileType = folder.assetcatalog; path = "Preview Assets.xcassets"; sourceTree = "<group>"; };
		83D60C192A9A4C7F00723215 /* TabsView.swift */ = {isa = PBXFileReference; lastKnownFileType = sourcecode.swift; path = TabsView.swift; sourceTree = "<group>"; };
		83D60C262A9A52FE00723215 /* GoogleService-Info.plist */ = {isa = PBXFileReference; fileEncoding = 4; lastKnownFileType = text.plist.xml; path = "GoogleService-Info.plist"; sourceTree = "<group>"; };
		83D60C282A9A559600723215 /* LoginView.swift */ = {isa = PBXFileReference; lastKnownFileType = sourcecode.swift; path = LoginView.swift; sourceTree = "<group>"; };
		83D60C2A2A9A55D600723215 /* AddEmailView.swift */ = {isa = PBXFileReference; lastKnownFileType = sourcecode.swift; path = AddEmailView.swift; sourceTree = "<group>"; };
		83D60C2C2A9A55E900723215 /* SetPasswordView.swift */ = {isa = PBXFileReference; lastKnownFileType = sourcecode.swift; path = SetPasswordView.swift; sourceTree = "<group>"; };
		83D60C2E2A9A560D00723215 /* FinalRegistrationView.swift */ = {isa = PBXFileReference; lastKnownFileType = sourcecode.swift; path = FinalRegistrationView.swift; sourceTree = "<group>"; };
		83D60C302A9A563600723215 /* RoundTextFieldStyle.swift */ = {isa = PBXFileReference; lastKnownFileType = sourcecode.swift; path = RoundTextFieldStyle.swift; sourceTree = "<group>"; };
		83D60C322A9A568F00723215 /* BorderExtension.swift */ = {isa = PBXFileReference; lastKnownFileType = sourcecode.swift; path = BorderExtension.swift; sourceTree = "<group>"; };
		83D60C342A9A57CF00723215 /* RegistrationViewModel.swift */ = {isa = PBXFileReference; lastKnownFileType = sourcecode.swift; path = RegistrationViewModel.swift; sourceTree = "<group>"; };
		83D60C362A9A593000723215 /* CategoryView.swift */ = {isa = PBXFileReference; lastKnownFileType = sourcecode.swift; path = CategoryView.swift; sourceTree = "<group>"; };
		83D60C382A9A596300723215 /* ProfileView.swift */ = {isa = PBXFileReference; lastKnownFileType = sourcecode.swift; path = ProfileView.swift; sourceTree = "<group>"; };
		83D60C3A2A9A5E2600723215 /* MainViewModel.swift */ = {isa = PBXFileReference; lastKnownFileType = sourcecode.swift; path = MainViewModel.swift; sourceTree = "<group>"; };
		83D60C3C2A9A5E3500723215 /* User.swift */ = {isa = PBXFileReference; lastKnownFileType = sourcecode.swift; path = User.swift; sourceTree = "<group>"; };
		83D60C3E2A9A5E5A00723215 /* Tasc.swift */ = {isa = PBXFileReference; lastKnownFileType = sourcecode.swift; path = Tasc.swift; sourceTree = "<group>"; };
		83D60C402A9A659A00723215 /* LoginViewModel.swift */ = {isa = PBXFileReference; lastKnownFileType = sourcecode.swift; path = LoginViewModel.swift; sourceTree = "<group>"; };
		83D60C432A9A6FA700723215 /* Extensions.swift */ = {isa = PBXFileReference; lastKnownFileType = sourcecode.swift; path = Extensions.swift; sourceTree = "<group>"; };
		83D60C452A9A7D5B00723215 /* ProfileViewModel.swift */ = {isa = PBXFileReference; lastKnownFileType = sourcecode.swift; path = ProfileViewModel.swift; sourceTree = "<group>"; };
		83D60C472A9A839D00723215 /* LoadingView.swift */ = {isa = PBXFileReference; lastKnownFileType = sourcecode.swift; path = LoadingView.swift; sourceTree = "<group>"; };
		83D60C4A2A9B45EF00723215 /* AuthService.swift */ = {isa = PBXFileReference; lastKnownFileType = sourcecode.swift; path = AuthService.swift; sourceTree = "<group>"; };
		83E2540B2AA10CB600D400A3 /* Category.swift */ = {isa = PBXFileReference; fileEncoding = 4; lastKnownFileType = sourcecode.swift; path = Category.swift; sourceTree = "<group>"; };
		83E2540D2AA1186700D400A3 /* TasklistView.swift */ = {isa = PBXFileReference; lastKnownFileType = sourcecode.swift; path = TasklistView.swift; sourceTree = "<group>"; };
		83E2540F2AA1188600D400A3 /* CategoryViewModel.swift */ = {isa = PBXFileReference; fileEncoding = 4; lastKnownFileType = sourcecode.swift; path = CategoryViewModel.swift; sourceTree = "<group>"; };
		83E254112AA11B6A00D400A3 /* SettingsView.swift */ = {isa = PBXFileReference; lastKnownFileType = sourcecode.swift; path = SettingsView.swift; sourceTree = "<group>"; };
		83F8B4D02AB3369F003AE576 /* NoteService.swift */ = {isa = PBXFileReference; fileEncoding = 4; lastKnownFileType = sourcecode.swift; path = NoteService.swift; sourceTree = "<group>"; };
/* End PBXFileReference section */

/* Begin PBXFrameworksBuildPhase section */
		83D60C052A9A4C2D00723215 /* Frameworks */ = {
			isa = PBXFrameworksBuildPhase;
			buildActionMask = 2147483647;
			files = (
				83048E502A9BBC4F003F1C59 /* GoogleSignInSwift in Frameworks */,
				83BB2EB82A9E76E00079A680 /* FirebaseAuth in Frameworks */,
				83048E4E2A9BBC4F003F1C59 /* GoogleSignIn in Frameworks */,
				83BB2EC02A9E76E00079A680 /* FirebaseFirestoreSwift in Frameworks */,
				83BB2EBE2A9E76E00079A680 /* FirebaseFirestoreCombine-Community in Frameworks */,
				83BB2EC22A9E76E00079A680 /* FirebaseStorage in Frameworks */,
				83BB2EBC2A9E76E00079A680 /* FirebaseFirestore in Frameworks */,
				83BB2EC42A9E76E00079A680 /* FirebaseStorageCombine-Community in Frameworks */,
				83BB2EBA2A9E76E00079A680 /* FirebaseAuthCombine-Community in Frameworks */,
			);
			runOnlyForDeploymentPostprocessing = 0;
		};
/* End PBXFrameworksBuildPhase section */

/* Begin PBXGroup section */
		83D60BFF2A9A4C2D00723215 = {
			isa = PBXGroup;
			children = (
				83D60C0A2A9A4C2D00723215 /* todooz.mk1 */,
				83D60C092A9A4C2D00723215 /* Products */,
			);
			sourceTree = "<group>";
		};
		83D60C092A9A4C2D00723215 /* Products */ = {
			isa = PBXGroup;
			children = (
				83D60C082A9A4C2D00723215 /* todooz.mk1.app */,
			);
			name = Products;
			sourceTree = "<group>";
		};
		83D60C0A2A9A4C2D00723215 /* todooz.mk1 */ = {
			isa = PBXGroup;
			children = (
				83048E512A9BBCA1003F1C59 /* todooz-mk1-Info.plist */,
				83D60C492A9B45CA00723215 /* Services */,
				83D60C422A9A6F9600723215 /* other */,
				83D60C262A9A52FE00723215 /* GoogleService-Info.plist */,
				83D60C1E2A9A4CBA00723215 /* Components */,
				83D60C1D2A9A4CB200723215 /* Models */,
				83D60C1C2A9A4CA400723215 /* ViewModels */,
				83D60C1B2A9A4C9000723215 /* Views */,
				83D60C0B2A9A4C2D00723215 /* todooz_mk1App.swift */,
				83D60C0F2A9A4C2E00723215 /* Assets.xcassets */,
				83D60C112A9A4C2E00723215 /* Preview Content */,
			);
			path = todooz.mk1;
			sourceTree = "<group>";
		};
		83D60C112A9A4C2E00723215 /* Preview Content */ = {
			isa = PBXGroup;
			children = (
				83D60C122A9A4C2E00723215 /* Preview Assets.xcassets */,
			);
			path = "Preview Content";
			sourceTree = "<group>";
		};
		83D60C1B2A9A4C9000723215 /* Views */ = {
			isa = PBXGroup;
			children = (
				83D60C192A9A4C7F00723215 /* TabsView.swift */,
				83D60C0D2A9A4C2D00723215 /* MainView.swift */,
				83D60C282A9A559600723215 /* LoginView.swift */,
				83D60C2A2A9A55D600723215 /* AddEmailView.swift */,
				83D60C2C2A9A55E900723215 /* SetPasswordView.swift */,
				83D60C2E2A9A560D00723215 /* FinalRegistrationView.swift */,
				83D60C362A9A593000723215 /* CategoryView.swift */,
				83D60C382A9A596300723215 /* ProfileView.swift */,
				83E2540D2AA1186700D400A3 /* TasklistView.swift */,
				8347D9CE2AAF976300ABB779 /* IsDoneTaskListView.swift */,
				83CDAF892AA6695200AF09AA /* HighPrioTaskListView.swift */,
				837362632AA79AD9000548D9 /* TodayTaskListView.swift */,
				83E254112AA11B6A00D400A3 /* SettingsView.swift */,
				83B486A92AA275420017CE91 /* TaskViewPreview.swift */,
				83B486AB2AA31E210017CE91 /* AddTaskView.swift */,
				83CD08932AA9C31A00C7AAE8 /* EditTaskView.swift */,
				83B486B72AA51A630017CE91 /* AddCategoryView.swift */,
				83B486B12AA49AD90017CE91 /* DetailTaskView.swift */,
				83CDAF872AA64E1D00AF09AA /* StandardCategoryPreviewView.swift */,
				8382238C2AB22C30004B7833 /* NotesListView.swift */,
				838223922AB23569004B7833 /* NoteView.swift */,
				838223982AB23EAA004B7833 /* AddNoteView.swift */,
			);
			path = Views;
			sourceTree = "<group>";
		};
		83D60C1C2A9A4CA400723215 /* ViewModels */ = {
			isa = PBXGroup;
			children = (
				83D60C342A9A57CF00723215 /* RegistrationViewModel.swift */,
				83E2540F2AA1188600D400A3 /* CategoryViewModel.swift */,
				83D60C3A2A9A5E2600723215 /* MainViewModel.swift */,
				83D60C402A9A659A00723215 /* LoginViewModel.swift */,
				83D60C452A9A7D5B00723215 /* ProfileViewModel.swift */,
				83B486A72AA262890017CE91 /* TaskListViewModel.swift */,
				83B486B32AA4E7420017CE91 /* TaskViewPreviewViewModel.swift */,
				83CAC8FA2AAF9EAE00A4807D /* IsDoneTaskViewPreview.swift */,
				83B486AD2AA321940017CE91 /* AddTaskViewModel.swift */,
				83CD08952AA9C37F00C7AAE8 /* EditTaskViewModel.swift */,
				83B486B92AA51AA50017CE91 /* AddCategoryViewModel.swift */,
				838223962AB23E1F004B7833 /* AddNoteViewModel.swift */,
			);
			path = ViewModels;
			sourceTree = "<group>";
		};
		83D60C1D2A9A4CB200723215 /* Models */ = {
			isa = PBXGroup;
			children = (
				83D60C3C2A9A5E3500723215 /* User.swift */,
				83E2540B2AA10CB600D400A3 /* Category.swift */,
				83D60C3E2A9A5E5A00723215 /* Tasc.swift */,
				8382238E2AB2303C004B7833 /* QuickNote.swift */,
			);
			path = Models;
			sourceTree = "<group>";
		};
		83D60C1E2A9A4CBA00723215 /* Components */ = {
			isa = PBXGroup;
			children = (
				83D60C302A9A563600723215 /* RoundTextFieldStyle.swift */,
				83D60C322A9A568F00723215 /* BorderExtension.swift */,
				83D60C472A9A839D00723215 /* LoadingView.swift */,
			);
			path = Components;
			sourceTree = "<group>";
		};
		83D60C422A9A6F9600723215 /* other */ = {
			isa = PBXGroup;
			children = (
				83D60C432A9A6FA700723215 /* Extensions.swift */,
				838223902AB230BB004B7833 /* TestData.swift */,
			);
			path = other;
			sourceTree = "<group>";
		};
		83D60C492A9B45CA00723215 /* Services */ = {
			isa = PBXGroup;
			children = (
				83D60C4A2A9B45EF00723215 /* AuthService.swift */,
				83BB2EB42A9E72F20079A680 /* ProfileService.swift */,
				83B486AF2AA388F10017CE91 /* TaskService.swift */,
				83F8B4D02AB3369F003AE576 /* NoteService.swift */,
				83B486B52AA5154D0017CE91 /* CategoryService.swift */,
			);
			path = Services;
			sourceTree = "<group>";
		};
/* End PBXGroup section */

/* Begin PBXNativeTarget section */
		83D60C072A9A4C2D00723215 /* todooz.mk1 */ = {
			isa = PBXNativeTarget;
			buildConfigurationList = 83D60C162A9A4C2E00723215 /* Build configuration list for PBXNativeTarget "todooz.mk1" */;
			buildPhases = (
				83D60C042A9A4C2D00723215 /* Sources */,
				83D60C052A9A4C2D00723215 /* Frameworks */,
				83D60C062A9A4C2D00723215 /* Resources */,
			);
			buildRules = (
			);
			dependencies = (
			);
			name = todooz.mk1;
			packageProductDependencies = (
				83048E4D2A9BBC4F003F1C59 /* GoogleSignIn */,
				83048E4F2A9BBC4F003F1C59 /* GoogleSignInSwift */,
				83BB2EB72A9E76E00079A680 /* FirebaseAuth */,
				83BB2EB92A9E76E00079A680 /* FirebaseAuthCombine-Community */,
				83BB2EBB2A9E76E00079A680 /* FirebaseFirestore */,
				83BB2EBD2A9E76E00079A680 /* FirebaseFirestoreCombine-Community */,
				83BB2EBF2A9E76E00079A680 /* FirebaseFirestoreSwift */,
				83BB2EC12A9E76E00079A680 /* FirebaseStorage */,
				83BB2EC32A9E76E00079A680 /* FirebaseStorageCombine-Community */,
			);
			productName = todooz.mk1;
			productReference = 83D60C082A9A4C2D00723215 /* todooz.mk1.app */;
			productType = "com.apple.product-type.application";
		};
/* End PBXNativeTarget section */

/* Begin PBXProject section */
		83D60C002A9A4C2D00723215 /* Project object */ = {
			isa = PBXProject;
			attributes = {
				BuildIndependentTargetsInParallel = 1;
				LastSwiftUpdateCheck = 1430;
				LastUpgradeCheck = 1430;
				TargetAttributes = {
					83D60C072A9A4C2D00723215 = {
						CreatedOnToolsVersion = 14.3.1;
					};
				};
			};
			buildConfigurationList = 83D60C032A9A4C2D00723215 /* Build configuration list for PBXProject "todooz.mk1" */;
			compatibilityVersion = "Xcode 14.0";
			developmentRegion = en;
			hasScannedForEncodings = 0;
			knownRegions = (
				en,
				Base,
			);
			mainGroup = 83D60BFF2A9A4C2D00723215;
			packageReferences = (
				83048E4C2A9BBC4F003F1C59 /* XCRemoteSwiftPackageReference "GoogleSignIn-iOS" */,
				83BB2EB62A9E76E00079A680 /* XCRemoteSwiftPackageReference "firebase-ios-sdk" */,
			);
			productRefGroup = 83D60C092A9A4C2D00723215 /* Products */;
			projectDirPath = "";
			projectRoot = "";
			targets = (
				83D60C072A9A4C2D00723215 /* todooz.mk1 */,
			);
		};
/* End PBXProject section */

/* Begin PBXResourcesBuildPhase section */
		83D60C062A9A4C2D00723215 /* Resources */ = {
			isa = PBXResourcesBuildPhase;
			buildActionMask = 2147483647;
			files = (
				83D60C132A9A4C2E00723215 /* Preview Assets.xcassets in Resources */,
				83D60C102A9A4C2E00723215 /* Assets.xcassets in Resources */,
				83D60C272A9A52FE00723215 /* GoogleService-Info.plist in Resources */,
			);
			runOnlyForDeploymentPostprocessing = 0;
		};
/* End PBXResourcesBuildPhase section */

/* Begin PBXSourcesBuildPhase section */
		83D60C042A9A4C2D00723215 /* Sources */ = {
			isa = PBXSourcesBuildPhase;
			buildActionMask = 2147483647;
			files = (
				83D60C332A9A568F00723215 /* BorderExtension.swift in Sources */,
				83D60C2B2A9A55D600723215 /* AddEmailView.swift in Sources */,
				83B486AC2AA31E210017CE91 /* AddTaskView.swift in Sources */,
				83B486B62AA5154D0017CE91 /* CategoryService.swift in Sources */,
				83B486B22AA49AD90017CE91 /* DetailTaskView.swift in Sources */,
				83CDAF882AA64E1D00AF09AA /* StandardCategoryPreviewView.swift in Sources */,
				838223992AB23EAA004B7833 /* AddNoteView.swift in Sources */,
				83B486A82AA262890017CE91 /* TaskListViewModel.swift in Sources */,
				8382238F2AB2303C004B7833 /* QuickNote.swift in Sources */,
				83D60C0E2A9A4C2D00723215 /* MainView.swift in Sources */,
				83D60C2F2A9A560D00723215 /* FinalRegistrationView.swift in Sources */,
				83B486BA2AA51AA50017CE91 /* AddCategoryViewModel.swift in Sources */,
				83B486B82AA51A630017CE91 /* AddCategoryView.swift in Sources */,
				838223972AB23E1F004B7833 /* AddNoteViewModel.swift in Sources */,
				837362642AA79AD9000548D9 /* TodayTaskListView.swift in Sources */,
				83E254102AA1188600D400A3 /* CategoryViewModel.swift in Sources */,
				8347D9CF2AAF976300ABB779 /* IsDoneTaskListView.swift in Sources */,
				83D60C412A9A659A00723215 /* LoginViewModel.swift in Sources */,
				838223932AB23569004B7833 /* NoteView.swift in Sources */,
				83D60C392A9A596300723215 /* ProfileView.swift in Sources */,
				83D60C3B2A9A5E2600723215 /* MainViewModel.swift in Sources */,
				83F8B4D12AB3369F003AE576 /* NoteService.swift in Sources */,
				838223912AB230BB004B7833 /* TestData.swift in Sources */,
				83D60C4B2A9B45EF00723215 /* AuthService.swift in Sources */,
				83D60C3D2A9A5E3500723215 /* User.swift in Sources */,
				83D60C1A2A9A4C7F00723215 /* TabsView.swift in Sources */,
				83B486AE2AA321940017CE91 /* AddTaskViewModel.swift in Sources */,
				83D60C3F2A9A5E5A00723215 /* Tasc.swift in Sources */,
				83D60C352A9A57CF00723215 /* RegistrationViewModel.swift in Sources */,
				83CDAF8A2AA6695200AF09AA /* HighPrioTaskListView.swift in Sources */,
				83D60C292A9A559600723215 /* LoginView.swift in Sources */,
				83B486AA2AA275420017CE91 /* TaskViewPreview.swift in Sources */,
				83E2540E2AA1186700D400A3 /* TasklistView.swift in Sources */,
				83E254122AA11B6A00D400A3 /* SettingsView.swift in Sources */,
				83CD08942AA9C31A00C7AAE8 /* EditTaskView.swift in Sources */,
				83B486B42AA4E7420017CE91 /* TaskViewPreviewViewModel.swift in Sources */,
				83B486B02AA388F10017CE91 /* TaskService.swift in Sources */,
				8382238D2AB22C30004B7833 /* NotesListView.swift in Sources */,
				83E2540C2AA10CB600D400A3 /* Category.swift in Sources */,
				83CAC8FB2AAF9EAE00A4807D /* IsDoneTaskViewPreview.swift in Sources */,
				83CD08962AA9C37F00C7AAE8 /* EditTaskViewModel.swift in Sources */,
				83D60C462A9A7D5B00723215 /* ProfileViewModel.swift in Sources */,
				83D60C372A9A593000723215 /* CategoryView.swift in Sources */,
				83D60C2D2A9A55E900723215 /* SetPasswordView.swift in Sources */,
				83D60C442A9A6FA700723215 /* Extensions.swift in Sources */,
				83D60C312A9A563600723215 /* RoundTextFieldStyle.swift in Sources */,
				83D60C482A9A839D00723215 /* LoadingView.swift in Sources */,
				83D60C0C2A9A4C2D00723215 /* todooz_mk1App.swift in Sources */,
				83BB2EB52A9E72F20079A680 /* ProfileService.swift in Sources */,
			);
			runOnlyForDeploymentPostprocessing = 0;
		};
/* End PBXSourcesBuildPhase section */

/* Begin XCBuildConfiguration section */
		83D60C142A9A4C2E00723215 /* Debug */ = {
			isa = XCBuildConfiguration;
			buildSettings = {
				ALWAYS_SEARCH_USER_PATHS = NO;
				CLANG_ANALYZER_NONNULL = YES;
				CLANG_ANALYZER_NUMBER_OBJECT_CONVERSION = YES_AGGRESSIVE;
				CLANG_CXX_LANGUAGE_STANDARD = "gnu++20";
				CLANG_ENABLE_MODULES = YES;
				CLANG_ENABLE_OBJC_ARC = YES;
				CLANG_ENABLE_OBJC_WEAK = YES;
				CLANG_WARN_BLOCK_CAPTURE_AUTORELEASING = YES;
				CLANG_WARN_BOOL_CONVERSION = YES;
				CLANG_WARN_COMMA = YES;
				CLANG_WARN_CONSTANT_CONVERSION = YES;
				CLANG_WARN_DEPRECATED_OBJC_IMPLEMENTATIONS = YES;
				CLANG_WARN_DIRECT_OBJC_ISA_USAGE = YES_ERROR;
				CLANG_WARN_DOCUMENTATION_COMMENTS = YES;
				CLANG_WARN_EMPTY_BODY = YES;
				CLANG_WARN_ENUM_CONVERSION = YES;
				CLANG_WARN_INFINITE_RECURSION = YES;
				CLANG_WARN_INT_CONVERSION = YES;
				CLANG_WARN_NON_LITERAL_NULL_CONVERSION = YES;
				CLANG_WARN_OBJC_IMPLICIT_RETAIN_SELF = YES;
				CLANG_WARN_OBJC_LITERAL_CONVERSION = YES;
				CLANG_WARN_OBJC_ROOT_CLASS = YES_ERROR;
				CLANG_WARN_QUOTED_INCLUDE_IN_FRAMEWORK_HEADER = YES;
				CLANG_WARN_RANGE_LOOP_ANALYSIS = YES;
				CLANG_WARN_STRICT_PROTOTYPES = YES;
				CLANG_WARN_SUSPICIOUS_MOVE = YES;
				CLANG_WARN_UNGUARDED_AVAILABILITY = YES_AGGRESSIVE;
				CLANG_WARN_UNREACHABLE_CODE = YES;
				CLANG_WARN__DUPLICATE_METHOD_MATCH = YES;
				COPY_PHASE_STRIP = NO;
				DEBUG_INFORMATION_FORMAT = dwarf;
				ENABLE_STRICT_OBJC_MSGSEND = YES;
				ENABLE_TESTABILITY = YES;
				GCC_C_LANGUAGE_STANDARD = gnu11;
				GCC_DYNAMIC_NO_PIC = NO;
				GCC_NO_COMMON_BLOCKS = YES;
				GCC_OPTIMIZATION_LEVEL = 0;
				GCC_PREPROCESSOR_DEFINITIONS = (
					"DEBUG=1",
					"$(inherited)",
				);
				GCC_WARN_64_TO_32_BIT_CONVERSION = YES;
				GCC_WARN_ABOUT_RETURN_TYPE = YES_ERROR;
				GCC_WARN_UNDECLARED_SELECTOR = YES;
				GCC_WARN_UNINITIALIZED_AUTOS = YES_AGGRESSIVE;
				GCC_WARN_UNUSED_FUNCTION = YES;
				GCC_WARN_UNUSED_VARIABLE = YES;
				IPHONEOS_DEPLOYMENT_TARGET = 16.4;
				MTL_ENABLE_DEBUG_INFO = INCLUDE_SOURCE;
				MTL_FAST_MATH = YES;
				ONLY_ACTIVE_ARCH = YES;
				SDKROOT = iphoneos;
				SWIFT_ACTIVE_COMPILATION_CONDITIONS = DEBUG;
				SWIFT_OPTIMIZATION_LEVEL = "-Onone";
			};
			name = Debug;
		};
		83D60C152A9A4C2E00723215 /* Release */ = {
			isa = XCBuildConfiguration;
			buildSettings = {
				ALWAYS_SEARCH_USER_PATHS = NO;
				CLANG_ANALYZER_NONNULL = YES;
				CLANG_ANALYZER_NUMBER_OBJECT_CONVERSION = YES_AGGRESSIVE;
				CLANG_CXX_LANGUAGE_STANDARD = "gnu++20";
				CLANG_ENABLE_MODULES = YES;
				CLANG_ENABLE_OBJC_ARC = YES;
				CLANG_ENABLE_OBJC_WEAK = YES;
				CLANG_WARN_BLOCK_CAPTURE_AUTORELEASING = YES;
				CLANG_WARN_BOOL_CONVERSION = YES;
				CLANG_WARN_COMMA = YES;
				CLANG_WARN_CONSTANT_CONVERSION = YES;
				CLANG_WARN_DEPRECATED_OBJC_IMPLEMENTATIONS = YES;
				CLANG_WARN_DIRECT_OBJC_ISA_USAGE = YES_ERROR;
				CLANG_WARN_DOCUMENTATION_COMMENTS = YES;
				CLANG_WARN_EMPTY_BODY = YES;
				CLANG_WARN_ENUM_CONVERSION = YES;
				CLANG_WARN_INFINITE_RECURSION = YES;
				CLANG_WARN_INT_CONVERSION = YES;
				CLANG_WARN_NON_LITERAL_NULL_CONVERSION = YES;
				CLANG_WARN_OBJC_IMPLICIT_RETAIN_SELF = YES;
				CLANG_WARN_OBJC_LITERAL_CONVERSION = YES;
				CLANG_WARN_OBJC_ROOT_CLASS = YES_ERROR;
				CLANG_WARN_QUOTED_INCLUDE_IN_FRAMEWORK_HEADER = YES;
				CLANG_WARN_RANGE_LOOP_ANALYSIS = YES;
				CLANG_WARN_STRICT_PROTOTYPES = YES;
				CLANG_WARN_SUSPICIOUS_MOVE = YES;
				CLANG_WARN_UNGUARDED_AVAILABILITY = YES_AGGRESSIVE;
				CLANG_WARN_UNREACHABLE_CODE = YES;
				CLANG_WARN__DUPLICATE_METHOD_MATCH = YES;
				COPY_PHASE_STRIP = NO;
				DEBUG_INFORMATION_FORMAT = "dwarf-with-dsym";
				ENABLE_NS_ASSERTIONS = NO;
				ENABLE_STRICT_OBJC_MSGSEND = YES;
				GCC_C_LANGUAGE_STANDARD = gnu11;
				GCC_NO_COMMON_BLOCKS = YES;
				GCC_WARN_64_TO_32_BIT_CONVERSION = YES;
				GCC_WARN_ABOUT_RETURN_TYPE = YES_ERROR;
				GCC_WARN_UNDECLARED_SELECTOR = YES;
				GCC_WARN_UNINITIALIZED_AUTOS = YES_AGGRESSIVE;
				GCC_WARN_UNUSED_FUNCTION = YES;
				GCC_WARN_UNUSED_VARIABLE = YES;
				IPHONEOS_DEPLOYMENT_TARGET = 16.4;
				MTL_ENABLE_DEBUG_INFO = NO;
				MTL_FAST_MATH = YES;
				SDKROOT = iphoneos;
				SWIFT_COMPILATION_MODE = wholemodule;
				SWIFT_OPTIMIZATION_LEVEL = "-O";
				VALIDATE_PRODUCT = YES;
			};
			name = Release;
		};
		83D60C172A9A4C2E00723215 /* Debug */ = {
			isa = XCBuildConfiguration;
			buildSettings = {
				ASSETCATALOG_COMPILER_APPICON_NAME = AppIcon;
				ASSETCATALOG_COMPILER_GLOBAL_ACCENT_COLOR_NAME = AccentColor;
				CODE_SIGN_STYLE = Automatic;
				CURRENT_PROJECT_VERSION = 1;
				DEVELOPMENT_ASSET_PATHS = "\"todooz.mk1/Preview Content\"";
				DEVELOPMENT_TEAM = AKXZB6A59L;
				ENABLE_PREVIEWS = YES;
				GENERATE_INFOPLIST_FILE = YES;
				INFOPLIST_FILE = "todooz-mk1-Info.plist";
				INFOPLIST_KEY_CFBundleDisplayName = Todooz;
				INFOPLIST_KEY_UIApplicationSceneManifest_Generation = YES;
				INFOPLIST_KEY_UIApplicationSupportsIndirectInputEvents = YES;
				INFOPLIST_KEY_UILaunchScreen_Generation = YES;
				INFOPLIST_KEY_UISupportedInterfaceOrientations = UIInterfaceOrientationPortrait;
				LD_RUNPATH_SEARCH_PATHS = (
					"$(inherited)",
					"@executable_path/Frameworks",
				);
				MARKETING_VERSION = 1.0;
				PRODUCT_BUNDLE_IDENTIFIER = "chris-zimmermann.todooz-mk1";
				PRODUCT_NAME = "$(TARGET_NAME)";
				SWIFT_EMIT_LOC_STRINGS = YES;
				SWIFT_VERSION = 5.0;
				TARGETED_DEVICE_FAMILY = "1,2";
			};
			name = Debug;
		};
		83D60C182A9A4C2E00723215 /* Release */ = {
			isa = XCBuildConfiguration;
			buildSettings = {
				ASSETCATALOG_COMPILER_APPICON_NAME = AppIcon;
				ASSETCATALOG_COMPILER_GLOBAL_ACCENT_COLOR_NAME = AccentColor;
				CODE_SIGN_STYLE = Automatic;
				CURRENT_PROJECT_VERSION = 1;
				DEVELOPMENT_ASSET_PATHS = "\"todooz.mk1/Preview Content\"";
				DEVELOPMENT_TEAM = AKXZB6A59L;
				ENABLE_PREVIEWS = YES;
				GENERATE_INFOPLIST_FILE = YES;
				INFOPLIST_FILE = "todooz-mk1-Info.plist";
				INFOPLIST_KEY_CFBundleDisplayName = Todooz;
				INFOPLIST_KEY_UIApplicationSceneManifest_Generation = YES;
				INFOPLIST_KEY_UIApplicationSupportsIndirectInputEvents = YES;
				INFOPLIST_KEY_UILaunchScreen_Generation = YES;
				INFOPLIST_KEY_UISupportedInterfaceOrientations = UIInterfaceOrientationPortrait;
				LD_RUNPATH_SEARCH_PATHS = (
					"$(inherited)",
					"@executable_path/Frameworks",
				);
				MARKETING_VERSION = 1.0;
				PRODUCT_BUNDLE_IDENTIFIER = "chris-zimmermann.todooz-mk1";
				PRODUCT_NAME = "$(TARGET_NAME)";
				SWIFT_EMIT_LOC_STRINGS = YES;
				SWIFT_VERSION = 5.0;
				TARGETED_DEVICE_FAMILY = "1,2";
			};
			name = Release;
		};
/* End XCBuildConfiguration section */

/* Begin XCConfigurationList section */
		83D60C032A9A4C2D00723215 /* Build configuration list for PBXProject "todooz.mk1" */ = {
			isa = XCConfigurationList;
			buildConfigurations = (
				83D60C142A9A4C2E00723215 /* Debug */,
				83D60C152A9A4C2E00723215 /* Release */,
			);
			defaultConfigurationIsVisible = 0;
			defaultConfigurationName = Release;
		};
		83D60C162A9A4C2E00723215 /* Build configuration list for PBXNativeTarget "todooz.mk1" */ = {
			isa = XCConfigurationList;
			buildConfigurations = (
				83D60C172A9A4C2E00723215 /* Debug */,
				83D60C182A9A4C2E00723215 /* Release */,
			);
			defaultConfigurationIsVisible = 0;
			defaultConfigurationName = Release;
		};
/* End XCConfigurationList section */

/* Begin XCRemoteSwiftPackageReference section */
		83048E4C2A9BBC4F003F1C59 /* XCRemoteSwiftPackageReference "GoogleSignIn-iOS" */ = {
			isa = XCRemoteSwiftPackageReference;
			repositoryURL = "https://github.com/google/GoogleSignIn-iOS";
			requirement = {
				kind = upToNextMajorVersion;
				minimumVersion = 7.0.0;
			};
		};
		83BB2EB62A9E76E00079A680 /* XCRemoteSwiftPackageReference "firebase-ios-sdk" */ = {
			isa = XCRemoteSwiftPackageReference;
			repositoryURL = "https://github.com/firebase/firebase-ios-sdk.git";
			requirement = {
				kind = upToNextMajorVersion;
				minimumVersion = 10.0.0;
			};
		};
/* End XCRemoteSwiftPackageReference section */

/* Begin XCSwiftPackageProductDependency section */
		83048E4D2A9BBC4F003F1C59 /* GoogleSignIn */ = {
			isa = XCSwiftPackageProductDependency;
			package = 83048E4C2A9BBC4F003F1C59 /* XCRemoteSwiftPackageReference "GoogleSignIn-iOS" */;
			productName = GoogleSignIn;
		};
		83048E4F2A9BBC4F003F1C59 /* GoogleSignInSwift */ = {
			isa = XCSwiftPackageProductDependency;
			package = 83048E4C2A9BBC4F003F1C59 /* XCRemoteSwiftPackageReference "GoogleSignIn-iOS" */;
			productName = GoogleSignInSwift;
		};
		83BB2EB72A9E76E00079A680 /* FirebaseAuth */ = {
			isa = XCSwiftPackageProductDependency;
			package = 83BB2EB62A9E76E00079A680 /* XCRemoteSwiftPackageReference "firebase-ios-sdk" */;
			productName = FirebaseAuth;
		};
		83BB2EB92A9E76E00079A680 /* FirebaseAuthCombine-Community */ = {
			isa = XCSwiftPackageProductDependency;
			package = 83BB2EB62A9E76E00079A680 /* XCRemoteSwiftPackageReference "firebase-ios-sdk" */;
			productName = "FirebaseAuthCombine-Community";
		};
		83BB2EBB2A9E76E00079A680 /* FirebaseFirestore */ = {
			isa = XCSwiftPackageProductDependency;
			package = 83BB2EB62A9E76E00079A680 /* XCRemoteSwiftPackageReference "firebase-ios-sdk" */;
			productName = FirebaseFirestore;
		};
		83BB2EBD2A9E76E00079A680 /* FirebaseFirestoreCombine-Community */ = {
			isa = XCSwiftPackageProductDependency;
			package = 83BB2EB62A9E76E00079A680 /* XCRemoteSwiftPackageReference "firebase-ios-sdk" */;
			productName = "FirebaseFirestoreCombine-Community";
		};
		83BB2EBF2A9E76E00079A680 /* FirebaseFirestoreSwift */ = {
			isa = XCSwiftPackageProductDependency;
			package = 83BB2EB62A9E76E00079A680 /* XCRemoteSwiftPackageReference "firebase-ios-sdk" */;
			productName = FirebaseFirestoreSwift;
		};
		83BB2EC12A9E76E00079A680 /* FirebaseStorage */ = {
			isa = XCSwiftPackageProductDependency;
			package = 83BB2EB62A9E76E00079A680 /* XCRemoteSwiftPackageReference "firebase-ios-sdk" */;
			productName = FirebaseStorage;
		};
		83BB2EC32A9E76E00079A680 /* FirebaseStorageCombine-Community */ = {
			isa = XCSwiftPackageProductDependency;
			package = 83BB2EB62A9E76E00079A680 /* XCRemoteSwiftPackageReference "firebase-ios-sdk" */;
			productName = "FirebaseStorageCombine-Community";
		};
/* End XCSwiftPackageProductDependency section */
	};
	rootObject = 83D60C002A9A4C2D00723215 /* Project object */;
}
